// !$*UTF8*$!
{
	archiveVersion = 1;
	classes = {
	};
	objectVersion = 46;
	objects = {

/* Begin PBXBuildFile section */
		071E9B5E1B71489200F0A123 /* ButtonNode.swift in Sources */ = {isa = PBXBuildFile; fileRef = 071E9B5D1B71489200F0A123 /* ButtonNode.swift */; };
		071E9B621B7685F100F0A123 /* AlertView.swift in Sources */ = {isa = PBXBuildFile; fileRef = 071E9B611B7685F100F0A123 /* AlertView.swift */; };
		0737B1D81B52816A00C5B6E9 /* CardNode.swift in Sources */ = {isa = PBXBuildFile; fileRef = 0737B1D71B52816A00C5B6E9 /* CardNode.swift */; };
		0737B1DA1B52867000C5B6E9 /* CardStack.swift in Sources */ = {isa = PBXBuildFile; fileRef = 0737B1D91B52867000C5B6E9 /* CardStack.swift */; };
		0737B1DC1B5594C600C5B6E9 /* DeckNode.swift in Sources */ = {isa = PBXBuildFile; fileRef = 0737B1DB1B5594C600C5B6E9 /* DeckNode.swift */; };
		073DFBB0198949B700AA02BF /* AppDelegate.swift in Sources */ = {isa = PBXBuildFile; fileRef = 073DFBAF198949B700AA02BF /* AppDelegate.swift */; };
		073DFBB4198949B700AA02BF /* GameScene.swift in Sources */ = {isa = PBXBuildFile; fileRef = 073DFBB3198949B700AA02BF /* GameScene.swift */; };
		073DFBB6198949B700AA02BF /* GameViewController.swift in Sources */ = {isa = PBXBuildFile; fileRef = 073DFBB5198949B700AA02BF /* GameViewController.swift */; };
		073DFBB9198949B700AA02BF /* Main.storyboard in Resources */ = {isa = PBXBuildFile; fileRef = 073DFBB7198949B700AA02BF /* Main.storyboard */; };
		073DFBC7198949B800AA02BF /* FourAceTests.swift in Sources */ = {isa = PBXBuildFile; fileRef = 073DFBC6198949B800AA02BF /* FourAceTests.swift */; };
		076451711B8A38DA0058136D /* Constants.swift in Sources */ = {isa = PBXBuildFile; fileRef = 076451701B8A38DA0058136D /* Constants.swift */; };
		076451791B8A3D9E0058136D /* Localizable.strings in Resources */ = {isa = PBXBuildFile; fileRef = 076451761B8A3D9E0058136D /* Localizable.strings */; };
		078298B01B597CD700DD92AF /* Images.xcassets in Resources */ = {isa = PBXBuildFile; fileRef = 078298AF1B597CD700DD92AF /* Images.xcassets */; };
		07CB7BC51989514B00056F09 /* Card.swift in Sources */ = {isa = PBXBuildFile; fileRef = 07CB7BC41989514B00056F09 /* Card.swift */; };
		07CB7BC7198951DF00056F09 /* FourAceGame.swift in Sources */ = {isa = PBXBuildFile; fileRef = 07CB7BC6198951DF00056F09 /* FourAceGame.swift */; };
		07CB7BCB1989524900056F09 /* Util.swift in Sources */ = {isa = PBXBuildFile; fileRef = 07CB7BCA1989524900056F09 /* Util.swift */; };
		07CB7BCD1989598500056F09 /* Deck.swift in Sources */ = {isa = PBXBuildFile; fileRef = 07CB7BCC1989598500056F09 /* Deck.swift */; };
		505925958F24281F6CC8A23E /* Pods_FourAce.framework in Frameworks */ = {isa = PBXBuildFile; fileRef = E8CA9150BC0AB00F73659909 /* Pods_FourAce.framework */; };
		582E150A1FC0ADDB00E2A72A /* PageViewController.swift in Sources */ = {isa = PBXBuildFile; fileRef = 582E15091FC0ADDB00E2A72A /* PageViewController.swift */; };
		5895A26A1FDDBBB200DBF889 /* WalkthroughPageViewController.swift in Sources */ = {isa = PBXBuildFile; fileRef = 5895A2691FDDBBB200DBF889 /* WalkthroughPageViewController.swift */; };
		58B5CB3B1FC1B1460022C8F8 /* BWWalkthroughPageViewController.swift in Sources */ = {isa = PBXBuildFile; fileRef = 58B5CB391FC1B1460022C8F8 /* BWWalkthroughPageViewController.swift */; };
		58B5CB3C1FC1B1460022C8F8 /* BWWalkthroughViewController.swift in Sources */ = {isa = PBXBuildFile; fileRef = 58B5CB3A1FC1B1460022C8F8 /* BWWalkthroughViewController.swift */; };
		58B5CB401FC74ABC0022C8F8 /* WalkthroughViewController.swift in Sources */ = {isa = PBXBuildFile; fileRef = 58B5CB3F1FC74ABC0022C8F8 /* WalkthroughViewController.swift */; };
		58F9A1A01FEEDCD500531D25 /* Deck.swift in Sources */ = {isa = PBXBuildFile; fileRef = 07CB7BCC1989598500056F09 /* Deck.swift */; };
		58F9A1A11FEEDCD500531D25 /* CardNode.swift in Sources */ = {isa = PBXBuildFile; fileRef = 0737B1D71B52816A00C5B6E9 /* CardNode.swift */; };
		58F9A1A21FEEDCD500531D25 /* ButtonNode.swift in Sources */ = {isa = PBXBuildFile; fileRef = 071E9B5D1B71489200F0A123 /* ButtonNode.swift */; };
		58F9A1A31FEEDCD500531D25 /* FourAceGame.swift in Sources */ = {isa = PBXBuildFile; fileRef = 07CB7BC6198951DF00056F09 /* FourAceGame.swift */; };
		58F9A1A41FEEDCD500531D25 /* GameScene.swift in Sources */ = {isa = PBXBuildFile; fileRef = 073DFBB3198949B700AA02BF /* GameScene.swift */; };
		58F9A1A51FEEDCD500531D25 /* PageViewController.swift in Sources */ = {isa = PBXBuildFile; fileRef = 582E15091FC0ADDB00E2A72A /* PageViewController.swift */; };
		58F9A1A61FEEDCD500531D25 /* GameViewController.swift in Sources */ = {isa = PBXBuildFile; fileRef = 073DFBB5198949B700AA02BF /* GameViewController.swift */; };
		58F9A1A71FEEDCD500531D25 /* Util.swift in Sources */ = {isa = PBXBuildFile; fileRef = 07CB7BCA1989524900056F09 /* Util.swift */; };
		58F9A1A81FEEDCD500531D25 /* AppDelegate.swift in Sources */ = {isa = PBXBuildFile; fileRef = 073DFBAF198949B700AA02BF /* AppDelegate.swift */; };
		58F9A1A91FEEDCD500531D25 /* BWWalkthroughPageViewController.swift in Sources */ = {isa = PBXBuildFile; fileRef = 58B5CB391FC1B1460022C8F8 /* BWWalkthroughPageViewController.swift */; };
		58F9A1AA1FEEDCD500531D25 /* AlertView.swift in Sources */ = {isa = PBXBuildFile; fileRef = 071E9B611B7685F100F0A123 /* AlertView.swift */; };
		58F9A1AB1FEEDCD500531D25 /* WalkthroughPageViewController.swift in Sources */ = {isa = PBXBuildFile; fileRef = 5895A2691FDDBBB200DBF889 /* WalkthroughPageViewController.swift */; };
		58F9A1AC1FEEDCD500531D25 /* Card.swift in Sources */ = {isa = PBXBuildFile; fileRef = 07CB7BC41989514B00056F09 /* Card.swift */; };
		58F9A1AD1FEEDCD500531D25 /* BWWalkthroughViewController.swift in Sources */ = {isa = PBXBuildFile; fileRef = 58B5CB3A1FC1B1460022C8F8 /* BWWalkthroughViewController.swift */; };
		58F9A1AE1FEEDCD500531D25 /* DeckNode.swift in Sources */ = {isa = PBXBuildFile; fileRef = 0737B1DB1B5594C600C5B6E9 /* DeckNode.swift */; };
		58F9A1AF1FEEDCD500531D25 /* Constants.swift in Sources */ = {isa = PBXBuildFile; fileRef = 076451701B8A38DA0058136D /* Constants.swift */; };
		58F9A1B01FEEDCD500531D25 /* WalkthroughViewController.swift in Sources */ = {isa = PBXBuildFile; fileRef = 58B5CB3F1FC74ABC0022C8F8 /* WalkthroughViewController.swift */; };
		58F9A1B11FEEDCD500531D25 /* CardStack.swift in Sources */ = {isa = PBXBuildFile; fileRef = 0737B1D91B52867000C5B6E9 /* CardStack.swift */; };
		58F9A1B51FEEDCD500531D25 /* Images.xcassets in Resources */ = {isa = PBXBuildFile; fileRef = 078298AF1B597CD700DD92AF /* Images.xcassets */; };
		58F9A1B61FEEDCD500531D25 /* Localizable.strings in Resources */ = {isa = PBXBuildFile; fileRef = 076451761B8A3D9E0058136D /* Localizable.strings */; };
		58F9A1B71FEEDCD500531D25 /* Main.storyboard in Resources */ = {isa = PBXBuildFile; fileRef = 073DFBB7198949B700AA02BF /* Main.storyboard */; };
		58F9A1BF1FEEDE1900531D25 /* Deck.swift in Sources */ = {isa = PBXBuildFile; fileRef = 07CB7BCC1989598500056F09 /* Deck.swift */; };
		58F9A1C01FEEDE1900531D25 /* CardNode.swift in Sources */ = {isa = PBXBuildFile; fileRef = 0737B1D71B52816A00C5B6E9 /* CardNode.swift */; };
		58F9A1C11FEEDE1900531D25 /* ButtonNode.swift in Sources */ = {isa = PBXBuildFile; fileRef = 071E9B5D1B71489200F0A123 /* ButtonNode.swift */; };
		58F9A1C21FEEDE1900531D25 /* FourAceGame.swift in Sources */ = {isa = PBXBuildFile; fileRef = 07CB7BC6198951DF00056F09 /* FourAceGame.swift */; };
		58F9A1C31FEEDE1900531D25 /* GameScene.swift in Sources */ = {isa = PBXBuildFile; fileRef = 073DFBB3198949B700AA02BF /* GameScene.swift */; };
		58F9A1C41FEEDE1900531D25 /* PageViewController.swift in Sources */ = {isa = PBXBuildFile; fileRef = 582E15091FC0ADDB00E2A72A /* PageViewController.swift */; };
		58F9A1C51FEEDE1900531D25 /* GameViewController.swift in Sources */ = {isa = PBXBuildFile; fileRef = 073DFBB5198949B700AA02BF /* GameViewController.swift */; };
		58F9A1C61FEEDE1900531D25 /* Util.swift in Sources */ = {isa = PBXBuildFile; fileRef = 07CB7BCA1989524900056F09 /* Util.swift */; };
		58F9A1C71FEEDE1900531D25 /* AppDelegate.swift in Sources */ = {isa = PBXBuildFile; fileRef = 073DFBAF198949B700AA02BF /* AppDelegate.swift */; };
		58F9A1C81FEEDE1900531D25 /* BWWalkthroughPageViewController.swift in Sources */ = {isa = PBXBuildFile; fileRef = 58B5CB391FC1B1460022C8F8 /* BWWalkthroughPageViewController.swift */; };
		58F9A1C91FEEDE1900531D25 /* AlertView.swift in Sources */ = {isa = PBXBuildFile; fileRef = 071E9B611B7685F100F0A123 /* AlertView.swift */; };
		58F9A1CA1FEEDE1900531D25 /* WalkthroughPageViewController.swift in Sources */ = {isa = PBXBuildFile; fileRef = 5895A2691FDDBBB200DBF889 /* WalkthroughPageViewController.swift */; };
		58F9A1CB1FEEDE1900531D25 /* Card.swift in Sources */ = {isa = PBXBuildFile; fileRef = 07CB7BC41989514B00056F09 /* Card.swift */; };
		58F9A1CC1FEEDE1900531D25 /* BWWalkthroughViewController.swift in Sources */ = {isa = PBXBuildFile; fileRef = 58B5CB3A1FC1B1460022C8F8 /* BWWalkthroughViewController.swift */; };
		58F9A1CD1FEEDE1900531D25 /* DeckNode.swift in Sources */ = {isa = PBXBuildFile; fileRef = 0737B1DB1B5594C600C5B6E9 /* DeckNode.swift */; };
		58F9A1CE1FEEDE1900531D25 /* Constants.swift in Sources */ = {isa = PBXBuildFile; fileRef = 076451701B8A38DA0058136D /* Constants.swift */; };
		58F9A1CF1FEEDE1900531D25 /* WalkthroughViewController.swift in Sources */ = {isa = PBXBuildFile; fileRef = 58B5CB3F1FC74ABC0022C8F8 /* WalkthroughViewController.swift */; };
		58F9A1D01FEEDE1900531D25 /* CardStack.swift in Sources */ = {isa = PBXBuildFile; fileRef = 0737B1D91B52867000C5B6E9 /* CardStack.swift */; };
		58F9A1D31FEEDE1900531D25 /* Images.xcassets in Resources */ = {isa = PBXBuildFile; fileRef = 078298AF1B597CD700DD92AF /* Images.xcassets */; };
		58F9A1D41FEEDE1900531D25 /* Localizable.strings in Resources */ = {isa = PBXBuildFile; fileRef = 076451761B8A3D9E0058136D /* Localizable.strings */; };
		58F9A1D51FEEDE1900531D25 /* Main.storyboard in Resources */ = {isa = PBXBuildFile; fileRef = 073DFBB7198949B700AA02BF /* Main.storyboard */; };
		624A46779060BA5756C768F6 /* Pods_FourAce_Test.framework in Frameworks */ = {isa = PBXBuildFile; fileRef = 4B5C0F1B36337C44FFE4EB81 /* Pods_FourAce_Test.framework */; };
		D5932F458655443F08FDB850 /* Pods_FourAce_Prod.framework in Frameworks */ = {isa = PBXBuildFile; fileRef = BB9C22666D33FDEBB40328A5 /* Pods_FourAce_Prod.framework */; };
/* End PBXBuildFile section */

/* Begin PBXContainerItemProxy section */
		073DFBC1198949B800AA02BF /* PBXContainerItemProxy */ = {
			isa = PBXContainerItemProxy;
			containerPortal = 073DFBA2198949B700AA02BF /* Project object */;
			proxyType = 1;
			remoteGlobalIDString = 073DFBA9198949B700AA02BF;
			remoteInfo = FourAce;
		};
/* End PBXContainerItemProxy section */

/* Begin PBXFileReference section */
		071E9B5D1B71489200F0A123 /* ButtonNode.swift */ = {isa = PBXFileReference; fileEncoding = 4; lastKnownFileType = sourcecode.swift; path = ButtonNode.swift; sourceTree = "<group>"; };
		071E9B611B7685F100F0A123 /* AlertView.swift */ = {isa = PBXFileReference; fileEncoding = 4; lastKnownFileType = sourcecode.swift; path = AlertView.swift; sourceTree = "<group>"; };
		0737B1D71B52816A00C5B6E9 /* CardNode.swift */ = {isa = PBXFileReference; fileEncoding = 4; lastKnownFileType = sourcecode.swift; path = CardNode.swift; sourceTree = "<group>"; };
		0737B1D91B52867000C5B6E9 /* CardStack.swift */ = {isa = PBXFileReference; fileEncoding = 4; lastKnownFileType = sourcecode.swift; path = CardStack.swift; sourceTree = "<group>"; };
		0737B1DB1B5594C600C5B6E9 /* DeckNode.swift */ = {isa = PBXFileReference; fileEncoding = 4; lastKnownFileType = sourcecode.swift; path = DeckNode.swift; sourceTree = "<group>"; };
		073DFBAA198949B700AA02BF /* FourAce.app */ = {isa = PBXFileReference; explicitFileType = wrapper.application; includeInIndex = 0; path = FourAce.app; sourceTree = BUILT_PRODUCTS_DIR; };
		073DFBAF198949B700AA02BF /* AppDelegate.swift */ = {isa = PBXFileReference; lastKnownFileType = sourcecode.swift; path = AppDelegate.swift; sourceTree = "<group>"; };
		073DFBB3198949B700AA02BF /* GameScene.swift */ = {isa = PBXFileReference; lastKnownFileType = sourcecode.swift; path = GameScene.swift; sourceTree = "<group>"; };
		073DFBB5198949B700AA02BF /* GameViewController.swift */ = {isa = PBXFileReference; lastKnownFileType = sourcecode.swift; path = GameViewController.swift; sourceTree = "<group>"; };
		073DFBB8198949B700AA02BF /* Base */ = {isa = PBXFileReference; lastKnownFileType = file.storyboard; name = Base; path = Base.lproj/Main.storyboard; sourceTree = "<group>"; };
		073DFBC0198949B800AA02BF /* FourAceTests.xctest */ = {isa = PBXFileReference; explicitFileType = wrapper.cfbundle; includeInIndex = 0; path = FourAceTests.xctest; sourceTree = BUILT_PRODUCTS_DIR; };
		073DFBC5198949B800AA02BF /* Info.plist */ = {isa = PBXFileReference; lastKnownFileType = text.plist.xml; path = Info.plist; sourceTree = "<group>"; };
		073DFBC6198949B800AA02BF /* FourAceTests.swift */ = {isa = PBXFileReference; lastKnownFileType = sourcecode.swift; path = FourAceTests.swift; sourceTree = "<group>"; };
		076451701B8A38DA0058136D /* Constants.swift */ = {isa = PBXFileReference; fileEncoding = 4; lastKnownFileType = sourcecode.swift; path = Constants.swift; sourceTree = "<group>"; };
		076451771B8A3D9E0058136D /* tr */ = {isa = PBXFileReference; lastKnownFileType = text.plist.strings; name = tr; path = tr.lproj/Localizable.strings; sourceTree = "<group>"; };
		076451781B8A3D9E0058136D /* en */ = {isa = PBXFileReference; lastKnownFileType = text.plist.strings; name = en; path = en.lproj/Localizable.strings; sourceTree = "<group>"; };
		0764517A1B8A49410058136D /* iAd.framework */ = {isa = PBXFileReference; lastKnownFileType = wrapper.framework; name = iAd.framework; path = System/Library/Frameworks/iAd.framework; sourceTree = SDKROOT; };
		078298AF1B597CD700DD92AF /* Images.xcassets */ = {isa = PBXFileReference; lastKnownFileType = folder.assetcatalog; name = Images.xcassets; path = FourAce/Images.xcassets; sourceTree = "<group>"; };
		07CB7BC41989514B00056F09 /* Card.swift */ = {isa = PBXFileReference; fileEncoding = 4; lastKnownFileType = sourcecode.swift; path = Card.swift; sourceTree = "<group>"; };
		07CB7BC6198951DF00056F09 /* FourAceGame.swift */ = {isa = PBXFileReference; fileEncoding = 4; lastKnownFileType = sourcecode.swift; path = FourAceGame.swift; sourceTree = "<group>"; };
		07CB7BCA1989524900056F09 /* Util.swift */ = {isa = PBXFileReference; fileEncoding = 4; lastKnownFileType = sourcecode.swift; path = Util.swift; sourceTree = "<group>"; };
		07CB7BCC1989598500056F09 /* Deck.swift */ = {isa = PBXFileReference; fileEncoding = 4; lastKnownFileType = sourcecode.swift; path = Deck.swift; sourceTree = "<group>"; };
		20896A5BD01643B8E7D2C363 /* Pods-FourAce Prod.debug.xcconfig */ = {isa = PBXFileReference; includeInIndex = 1; lastKnownFileType = text.xcconfig; name = "Pods-FourAce Prod.debug.xcconfig"; path = "Pods/Target Support Files/Pods-FourAce Prod/Pods-FourAce Prod.debug.xcconfig"; sourceTree = "<group>"; };
		4B5C0F1B36337C44FFE4EB81 /* Pods_FourAce_Test.framework */ = {isa = PBXFileReference; explicitFileType = wrapper.framework; includeInIndex = 0; path = Pods_FourAce_Test.framework; sourceTree = BUILT_PRODUCTS_DIR; };
		582E15091FC0ADDB00E2A72A /* PageViewController.swift */ = {isa = PBXFileReference; lastKnownFileType = sourcecode.swift; path = PageViewController.swift; sourceTree = "<group>"; };
		5895A2691FDDBBB200DBF889 /* WalkthroughPageViewController.swift */ = {isa = PBXFileReference; lastKnownFileType = sourcecode.swift; path = WalkthroughPageViewController.swift; sourceTree = "<group>"; };
		58B5CB391FC1B1460022C8F8 /* BWWalkthroughPageViewController.swift */ = {isa = PBXFileReference; fileEncoding = 4; lastKnownFileType = sourcecode.swift; path = BWWalkthroughPageViewController.swift; sourceTree = "<group>"; };
		58B5CB3A1FC1B1460022C8F8 /* BWWalkthroughViewController.swift */ = {isa = PBXFileReference; fileEncoding = 4; lastKnownFileType = sourcecode.swift; path = BWWalkthroughViewController.swift; sourceTree = "<group>"; };
		58B5CB3F1FC74ABC0022C8F8 /* WalkthroughViewController.swift */ = {isa = PBXFileReference; lastKnownFileType = sourcecode.swift; path = WalkthroughViewController.swift; sourceTree = "<group>"; };
		58F9A1BB1FEEDCD500531D25 /* FourAce Test.app */ = {isa = PBXFileReference; explicitFileType = wrapper.application; includeInIndex = 0; path = "FourAce Test.app"; sourceTree = BUILT_PRODUCTS_DIR; };
		58F9A1D91FEEDE1900531D25 /* FourAce Prod.app */ = {isa = PBXFileReference; explicitFileType = wrapper.application; includeInIndex = 0; path = "FourAce Prod.app"; sourceTree = BUILT_PRODUCTS_DIR; };
		58FD7FF01DE0982500A4ED0B /* FourAce-Bridging-Header.h */ = {isa = PBXFileReference; lastKnownFileType = sourcecode.c.h; path = "FourAce-Bridging-Header.h"; sourceTree = "<group>"; };
		58FD7FF11DE0982500A4ED0B /* FourAceTests-Bridging-Header.h */ = {isa = PBXFileReference; lastKnownFileType = sourcecode.c.h; path = "FourAceTests-Bridging-Header.h"; sourceTree = "<group>"; };
		58FD800D1DE1A58700A4ED0B /* zh-Hans */ = {isa = PBXFileReference; lastKnownFileType = text.plist.strings; name = "zh-Hans"; path = "zh-Hans.lproj/Localizable.strings"; sourceTree = "<group>"; };
		A930A52BBAC050432DB9866C /* Pods-FourAce.debug.xcconfig */ = {isa = PBXFileReference; includeInIndex = 1; lastKnownFileType = text.xcconfig; name = "Pods-FourAce.debug.xcconfig"; path = "Pods/Target Support Files/Pods-FourAce/Pods-FourAce.debug.xcconfig"; sourceTree = "<group>"; };
		BB9C22666D33FDEBB40328A5 /* Pods_FourAce_Prod.framework */ = {isa = PBXFileReference; explicitFileType = wrapper.framework; includeInIndex = 0; path = Pods_FourAce_Prod.framework; sourceTree = BUILT_PRODUCTS_DIR; };
		C416B7EE2EB1C466A9770594 /* Pods-FourAce.release.xcconfig */ = {isa = PBXFileReference; includeInIndex = 1; lastKnownFileType = text.xcconfig; name = "Pods-FourAce.release.xcconfig"; path = "Pods/Target Support Files/Pods-FourAce/Pods-FourAce.release.xcconfig"; sourceTree = "<group>"; };
		D9862EA9B342132F3E6A1B0A /* Pods-FourAce Test.release.xcconfig */ = {isa = PBXFileReference; includeInIndex = 1; lastKnownFileType = text.xcconfig; name = "Pods-FourAce Test.release.xcconfig"; path = "Pods/Target Support Files/Pods-FourAce Test/Pods-FourAce Test.release.xcconfig"; sourceTree = "<group>"; };
		E8CA9150BC0AB00F73659909 /* Pods_FourAce.framework */ = {isa = PBXFileReference; explicitFileType = wrapper.framework; includeInIndex = 0; path = Pods_FourAce.framework; sourceTree = BUILT_PRODUCTS_DIR; };
		F5F2351DD8EFE51DAE86E980 /* Pods-FourAce Test.debug.xcconfig */ = {isa = PBXFileReference; includeInIndex = 1; lastKnownFileType = text.xcconfig; name = "Pods-FourAce Test.debug.xcconfig"; path = "Pods/Target Support Files/Pods-FourAce Test/Pods-FourAce Test.debug.xcconfig"; sourceTree = "<group>"; };
		FF27742D46D321A8A45801BB /* Pods-FourAce Prod.release.xcconfig */ = {isa = PBXFileReference; includeInIndex = 1; lastKnownFileType = text.xcconfig; name = "Pods-FourAce Prod.release.xcconfig"; path = "Pods/Target Support Files/Pods-FourAce Prod/Pods-FourAce Prod.release.xcconfig"; sourceTree = "<group>"; };
/* End PBXFileReference section */

/* Begin PBXFrameworksBuildPhase section */
		073DFBA7198949B700AA02BF /* Frameworks */ = {
			isa = PBXFrameworksBuildPhase;
			buildActionMask = 2147483647;
			files = (
				505925958F24281F6CC8A23E /* Pods_FourAce.framework in Frameworks */,
			);
			runOnlyForDeploymentPostprocessing = 0;
		};
		073DFBBD198949B800AA02BF /* Frameworks */ = {
			isa = PBXFrameworksBuildPhase;
			buildActionMask = 2147483647;
			files = (
			);
			runOnlyForDeploymentPostprocessing = 0;
		};
		58F9A1B21FEEDCD500531D25 /* Frameworks */ = {
			isa = PBXFrameworksBuildPhase;
			buildActionMask = 2147483647;
			files = (
				624A46779060BA5756C768F6 /* Pods_FourAce_Test.framework in Frameworks */,
			);
			runOnlyForDeploymentPostprocessing = 0;
		};
		58F9A1D11FEEDE1900531D25 /* Frameworks */ = {
			isa = PBXFrameworksBuildPhase;
			buildActionMask = 2147483647;
			files = (
				D5932F458655443F08FDB850 /* Pods_FourAce_Prod.framework in Frameworks */,
			);
			runOnlyForDeploymentPostprocessing = 0;
		};
/* End PBXFrameworksBuildPhase section */

/* Begin PBXGroup section */
		073DFBA1198949B700AA02BF = {
			isa = PBXGroup;
			children = (
				078298AF1B597CD700DD92AF /* Images.xcassets */,
				073DFBAC198949B700AA02BF /* FourAce */,
				073DFBC3198949B800AA02BF /* FourAceTests */,
				073DFBAB198949B700AA02BF /* Products */,
				58FD7FED1DE0949C00A4ED0B /* Frameworks */,
				58FD7FF01DE0982500A4ED0B /* FourAce-Bridging-Header.h */,
				58FD7FF11DE0982500A4ED0B /* FourAceTests-Bridging-Header.h */,
				E60F7F3451564C46DF32D06E /* Pods */,
			);
			sourceTree = "<group>";
		};
		073DFBAB198949B700AA02BF /* Products */ = {
			isa = PBXGroup;
			children = (
				073DFBAA198949B700AA02BF /* FourAce.app */,
				073DFBC0198949B800AA02BF /* FourAceTests.xctest */,
				58F9A1BB1FEEDCD500531D25 /* FourAce Test.app */,
				58F9A1D91FEEDE1900531D25 /* FourAce Prod.app */,
			);
			name = Products;
			sourceTree = "<group>";
		};
		073DFBAC198949B700AA02BF /* FourAce */ = {
			isa = PBXGroup;
			children = (
				58B5CB391FC1B1460022C8F8 /* BWWalkthroughPageViewController.swift */,
				58B5CB3A1FC1B1460022C8F8 /* BWWalkthroughViewController.swift */,
				076451761B8A3D9E0058136D /* Localizable.strings */,
				07CB7BCA1989524900056F09 /* Util.swift */,
				076451701B8A38DA0058136D /* Constants.swift */,
				07CB7BC31989512600056F09 /* Model */,
				073DFBAF198949B700AA02BF /* AppDelegate.swift */,
				073DFBB3198949B700AA02BF /* GameScene.swift */,
				073DFBB5198949B700AA02BF /* GameViewController.swift */,
				073DFBB7198949B700AA02BF /* Main.storyboard */,
				58F9A19D1FEEDC9D00531D25 /* Resources */,
				0737B1D71B52816A00C5B6E9 /* CardNode.swift */,
				0737B1DB1B5594C600C5B6E9 /* DeckNode.swift */,
				071E9B5D1B71489200F0A123 /* ButtonNode.swift */,
				071E9B611B7685F100F0A123 /* AlertView.swift */,
				582E15091FC0ADDB00E2A72A /* PageViewController.swift */,
				58B5CB3F1FC74ABC0022C8F8 /* WalkthroughViewController.swift */,
				5895A2691FDDBBB200DBF889 /* WalkthroughPageViewController.swift */,
			);
			path = FourAce;
			sourceTree = "<group>";
		};
		073DFBC3198949B800AA02BF /* FourAceTests */ = {
			isa = PBXGroup;
			children = (
				073DFBC6198949B800AA02BF /* FourAceTests.swift */,
				073DFBC4198949B800AA02BF /* Supporting Files */,
			);
			path = FourAceTests;
			sourceTree = "<group>";
		};
		073DFBC4198949B800AA02BF /* Supporting Files */ = {
			isa = PBXGroup;
			children = (
				073DFBC5198949B800AA02BF /* Info.plist */,
			);
			name = "Supporting Files";
			sourceTree = "<group>";
		};
		07CB7BC31989512600056F09 /* Model */ = {
			isa = PBXGroup;
			children = (
				07CB7BCC1989598500056F09 /* Deck.swift */,
				07CB7BC41989514B00056F09 /* Card.swift */,
				07CB7BC6198951DF00056F09 /* FourAceGame.swift */,
				0737B1D91B52867000C5B6E9 /* CardStack.swift */,
			);
			name = Model;
			sourceTree = "<group>";
		};
		58F9A19D1FEEDC9D00531D25 /* Resources */ = {
			isa = PBXGroup;
			children = (
			);
			name = Resources;
			sourceTree = "<group>";
		};
		58FD7FED1DE0949C00A4ED0B /* Frameworks */ = {
			isa = PBXGroup;
			children = (
				0764517A1B8A49410058136D /* iAd.framework */,
				E8CA9150BC0AB00F73659909 /* Pods_FourAce.framework */,
				BB9C22666D33FDEBB40328A5 /* Pods_FourAce_Prod.framework */,
				4B5C0F1B36337C44FFE4EB81 /* Pods_FourAce_Test.framework */,
			);
			name = Frameworks;
			sourceTree = "<group>";
		};
		E60F7F3451564C46DF32D06E /* Pods */ = {
			isa = PBXGroup;
			children = (
				A930A52BBAC050432DB9866C /* Pods-FourAce.debug.xcconfig */,
				C416B7EE2EB1C466A9770594 /* Pods-FourAce.release.xcconfig */,
				20896A5BD01643B8E7D2C363 /* Pods-FourAce Prod.debug.xcconfig */,
				FF27742D46D321A8A45801BB /* Pods-FourAce Prod.release.xcconfig */,
				F5F2351DD8EFE51DAE86E980 /* Pods-FourAce Test.debug.xcconfig */,
				D9862EA9B342132F3E6A1B0A /* Pods-FourAce Test.release.xcconfig */,
			);
			name = Pods;
			sourceTree = "<group>";
		};
/* End PBXGroup section */

/* Begin PBXNativeTarget section */
		073DFBA9198949B700AA02BF /* FourAce */ = {
			isa = PBXNativeTarget;
			buildConfigurationList = 073DFBCA198949B800AA02BF /* Build configuration list for PBXNativeTarget "FourAce" */;
			buildPhases = (
				63AAD62971ECFCCED128304B /* [CP] Check Pods Manifest.lock */,
				073DFBA6198949B700AA02BF /* Sources */,
				073DFBA7198949B700AA02BF /* Frameworks */,
				073DFBA8198949B700AA02BF /* Resources */,
				6007F01BA343B99310A10A24 /* [CP] Embed Pods Frameworks */,
				55E5085B61485FC2AEAD8576 /* [CP] Copy Pods Resources */,
			);
			buildRules = (
			);
			dependencies = (
			);
			name = FourAce;
			productName = FourAce;
			productReference = 073DFBAA198949B700AA02BF /* FourAce.app */;
			productType = "com.apple.product-type.application";
		};
		073DFBBF198949B800AA02BF /* FourAceTests */ = {
			isa = PBXNativeTarget;
			buildConfigurationList = 073DFBCD198949B800AA02BF /* Build configuration list for PBXNativeTarget "FourAceTests" */;
			buildPhases = (
				073DFBBC198949B800AA02BF /* Sources */,
				073DFBBD198949B800AA02BF /* Frameworks */,
				073DFBBE198949B800AA02BF /* Resources */,
			);
			buildRules = (
			);
			dependencies = (
				073DFBC2198949B800AA02BF /* PBXTargetDependency */,
			);
			name = FourAceTests;
			productName = FourAceTests;
			productReference = 073DFBC0198949B800AA02BF /* FourAceTests.xctest */;
			productType = "com.apple.product-type.bundle.unit-test";
		};
		58F9A19E1FEEDCD500531D25 /* FourAce Test */ = {
			isa = PBXNativeTarget;
			buildConfigurationList = 58F9A1B81FEEDCD500531D25 /* Build configuration list for PBXNativeTarget "FourAce Test" */;
			buildPhases = (
				6FBC809B165DF70CB5126C53 /* [CP] Check Pods Manifest.lock */,
				58F9A19F1FEEDCD500531D25 /* Sources */,
				58F9A1B21FEEDCD500531D25 /* Frameworks */,
				58F9A1B31FEEDCD500531D25 /* Resources */,
				EE1EB30956882A7CCB58B8FB /* [CP] Embed Pods Frameworks */,
				731247D6843A089160251C7C /* [CP] Copy Pods Resources */,
			);
			buildRules = (
			);
			dependencies = (
			);
			name = "FourAce Test";
			productName = FourAce;
			productReference = 58F9A1BB1FEEDCD500531D25 /* FourAce Test.app */;
			productType = "com.apple.product-type.application";
		};
		58F9A1BD1FEEDE1900531D25 /* FourAce Prod */ = {
			isa = PBXNativeTarget;
			buildConfigurationList = 58F9A1D61FEEDE1900531D25 /* Build configuration list for PBXNativeTarget "FourAce Prod" */;
			buildPhases = (
				29EC72AE477F9394271273CC /* [CP] Check Pods Manifest.lock */,
				58F9A1BE1FEEDE1900531D25 /* Sources */,
				58F9A1D11FEEDE1900531D25 /* Frameworks */,
				58F9A1D21FEEDE1900531D25 /* Resources */,
				81148666B796A2E7C379C5E3 /* [CP] Embed Pods Frameworks */,
				4565C3F1999E02CFC82266EB /* [CP] Copy Pods Resources */,
			);
			buildRules = (
			);
			dependencies = (
			);
			name = "FourAce Prod";
			productName = FourAce;
			productReference = 58F9A1D91FEEDE1900531D25 /* FourAce Prod.app */;
			productType = "com.apple.product-type.application";
		};
/* End PBXNativeTarget section */

/* Begin PBXProject section */
		073DFBA2198949B700AA02BF /* Project object */ = {
			isa = PBXProject;
			attributes = {
				LastSwiftMigration = 0700;
				LastSwiftUpdateCheck = 0700;
				LastUpgradeCheck = 0810;
				ORGANIZATIONNAME = "basar cetinkaya";
				TargetAttributes = {
					073DFBA9198949B700AA02BF = {
						CreatedOnToolsVersion = 6.0;
						DevelopmentTeam = 2H7MWN5M5C;
						LastSwiftMigration = 0810;
						ProvisioningStyle = Manual;
					};
					073DFBBF198949B800AA02BF = {
						CreatedOnToolsVersion = 6.0;
						LastSwiftMigration = 0810;
						TestTargetID = 073DFBA9198949B700AA02BF;
					};
					58F9A19E1FEEDCD500531D25 = {
						DevelopmentTeam = 2H7MWN5M5C;
						ProvisioningStyle = Manual;
					};
					58F9A1BD1FEEDE1900531D25 = {
						DevelopmentTeam = 2H7MWN5M5C;
						ProvisioningStyle = Manual;
					};
				};
			};
			buildConfigurationList = 073DFBA5198949B700AA02BF /* Build configuration list for PBXProject "FourAce" */;
			compatibilityVersion = "Xcode 3.2";
			developmentRegion = English;
			hasScannedForEncodings = 0;
			knownRegions = (
				en,
				Base,
				tr,
				"zh-Hans",
			);
			mainGroup = 073DFBA1198949B700AA02BF;
			productRefGroup = 073DFBAB198949B700AA02BF /* Products */;
			projectDirPath = "";
			projectRoot = "";
			targets = (
				073DFBA9198949B700AA02BF /* FourAce */,
				073DFBBF198949B800AA02BF /* FourAceTests */,
				58F9A19E1FEEDCD500531D25 /* FourAce Test */,
				58F9A1BD1FEEDE1900531D25 /* FourAce Prod */,
			);
		};
/* End PBXProject section */

/* Begin PBXResourcesBuildPhase section */
		073DFBA8198949B700AA02BF /* Resources */ = {
			isa = PBXResourcesBuildPhase;
			buildActionMask = 2147483647;
			files = (
				078298B01B597CD700DD92AF /* Images.xcassets in Resources */,
				076451791B8A3D9E0058136D /* Localizable.strings in Resources */,
				073DFBB9198949B700AA02BF /* Main.storyboard in Resources */,
			);
			runOnlyForDeploymentPostprocessing = 0;
		};
		073DFBBE198949B800AA02BF /* Resources */ = {
			isa = PBXResourcesBuildPhase;
			buildActionMask = 2147483647;
			files = (
			);
			runOnlyForDeploymentPostprocessing = 0;
		};
		58F9A1B31FEEDCD500531D25 /* Resources */ = {
			isa = PBXResourcesBuildPhase;
			buildActionMask = 2147483647;
			files = (
				58F9A1B51FEEDCD500531D25 /* Images.xcassets in Resources */,
				58F9A1B61FEEDCD500531D25 /* Localizable.strings in Resources */,
				58F9A1B71FEEDCD500531D25 /* Main.storyboard in Resources */,
			);
			runOnlyForDeploymentPostprocessing = 0;
		};
		58F9A1D21FEEDE1900531D25 /* Resources */ = {
			isa = PBXResourcesBuildPhase;
			buildActionMask = 2147483647;
			files = (
				58F9A1D31FEEDE1900531D25 /* Images.xcassets in Resources */,
				58F9A1D41FEEDE1900531D25 /* Localizable.strings in Resources */,
				58F9A1D51FEEDE1900531D25 /* Main.storyboard in Resources */,
			);
			runOnlyForDeploymentPostprocessing = 0;
		};
/* End PBXResourcesBuildPhase section */

/* Begin PBXShellScriptBuildPhase section */
		29EC72AE477F9394271273CC /* [CP] Check Pods Manifest.lock */ = {
			isa = PBXShellScriptBuildPhase;
			buildActionMask = 2147483647;
			files = (
			);
			inputPaths = (
				"${PODS_PODFILE_DIR_PATH}/Podfile.lock",
				"${PODS_ROOT}/Manifest.lock",
			);
			name = "[CP] Check Pods Manifest.lock";
			outputPaths = (
				"$(DERIVED_FILE_DIR)/Pods-FourAce Prod-checkManifestLockResult.txt",
			);
			runOnlyForDeploymentPostprocessing = 0;
			shellPath = /bin/sh;
			shellScript = "diff \"${PODS_PODFILE_DIR_PATH}/Podfile.lock\" \"${PODS_ROOT}/Manifest.lock\" > /dev/null\nif [ $? != 0 ] ; then\n    # print error to STDERR\n    echo \"error: The sandbox is not in sync with the Podfile.lock. Run 'pod install' or update your CocoaPods installation.\" >&2\n    exit 1\nfi\n# This output is used by Xcode 'outputs' to avoid re-running this script phase.\necho \"SUCCESS\" > \"${SCRIPT_OUTPUT_FILE_0}\"\n";
			showEnvVarsInLog = 0;
		};
		4565C3F1999E02CFC82266EB /* [CP] Copy Pods Resources */ = {
			isa = PBXShellScriptBuildPhase;
			buildActionMask = 2147483647;
			files = (
			);
			inputPaths = (
			);
			name = "[CP] Copy Pods Resources";
			outputPaths = (
			);
			runOnlyForDeploymentPostprocessing = 0;
			shellPath = /bin/sh;
			shellScript = "\"${SRCROOT}/Pods/Target Support Files/Pods-FourAce Prod/Pods-FourAce Prod-resources.sh\"\n";
			showEnvVarsInLog = 0;
		};
		55E5085B61485FC2AEAD8576 /* [CP] Copy Pods Resources */ = {
			isa = PBXShellScriptBuildPhase;
			buildActionMask = 2147483647;
			files = (
			);
			inputPaths = (
			);
			name = "[CP] Copy Pods Resources";
			outputPaths = (
			);
			runOnlyForDeploymentPostprocessing = 0;
			shellPath = /bin/sh;
			shellScript = "\"${SRCROOT}/Pods/Target Support Files/Pods-FourAce/Pods-FourAce-resources.sh\"\n";
			showEnvVarsInLog = 0;
		};
		6007F01BA343B99310A10A24 /* [CP] Embed Pods Frameworks */ = {
			isa = PBXShellScriptBuildPhase;
			buildActionMask = 2147483647;
			files = (
			);
			inputPaths = (
			);
			name = "[CP] Embed Pods Frameworks";
			outputPaths = (
			);
			runOnlyForDeploymentPostprocessing = 0;
			shellPath = /bin/sh;
			shellScript = "\"${SRCROOT}/Pods/Target Support Files/Pods-FourAce/Pods-FourAce-frameworks.sh\"\n";
			showEnvVarsInLog = 0;
		};
		63AAD62971ECFCCED128304B /* [CP] Check Pods Manifest.lock */ = {
			isa = PBXShellScriptBuildPhase;
			buildActionMask = 2147483647;
			files = (
			);
			inputPaths = (
				"${PODS_PODFILE_DIR_PATH}/Podfile.lock",
				"${PODS_ROOT}/Manifest.lock",
			);
			name = "[CP] Check Pods Manifest.lock";
			outputPaths = (
				"$(DERIVED_FILE_DIR)/Pods-FourAce-checkManifestLockResult.txt",
			);
			runOnlyForDeploymentPostprocessing = 0;
			shellPath = /bin/sh;
			shellScript = "diff \"${PODS_PODFILE_DIR_PATH}/Podfile.lock\" \"${PODS_ROOT}/Manifest.lock\" > /dev/null\nif [ $? != 0 ] ; then\n    # print error to STDERR\n    echo \"error: The sandbox is not in sync with the Podfile.lock. Run 'pod install' or update your CocoaPods installation.\" >&2\n    exit 1\nfi\n# This output is used by Xcode 'outputs' to avoid re-running this script phase.\necho \"SUCCESS\" > \"${SCRIPT_OUTPUT_FILE_0}\"\n";
			showEnvVarsInLog = 0;
		};
		6FBC809B165DF70CB5126C53 /* [CP] Check Pods Manifest.lock */ = {
			isa = PBXShellScriptBuildPhase;
			buildActionMask = 2147483647;
			files = (
			);
			inputPaths = (
				"${PODS_PODFILE_DIR_PATH}/Podfile.lock",
				"${PODS_ROOT}/Manifest.lock",
			);
			name = "[CP] Check Pods Manifest.lock";
			outputPaths = (
				"$(DERIVED_FILE_DIR)/Pods-FourAce Test-checkManifestLockResult.txt",
			);
			runOnlyForDeploymentPostprocessing = 0;
			shellPath = /bin/sh;
			shellScript = "diff \"${PODS_PODFILE_DIR_PATH}/Podfile.lock\" \"${PODS_ROOT}/Manifest.lock\" > /dev/null\nif [ $? != 0 ] ; then\n    # print error to STDERR\n    echo \"error: The sandbox is not in sync with the Podfile.lock. Run 'pod install' or update your CocoaPods installation.\" >&2\n    exit 1\nfi\n# This output is used by Xcode 'outputs' to avoid re-running this script phase.\necho \"SUCCESS\" > \"${SCRIPT_OUTPUT_FILE_0}\"\n";
			showEnvVarsInLog = 0;
		};
		731247D6843A089160251C7C /* [CP] Copy Pods Resources */ = {
			isa = PBXShellScriptBuildPhase;
			buildActionMask = 2147483647;
			files = (
			);
			inputPaths = (
			);
			name = "[CP] Copy Pods Resources";
			outputPaths = (
			);
			runOnlyForDeploymentPostprocessing = 0;
			shellPath = /bin/sh;
			shellScript = "\"${SRCROOT}/Pods/Target Support Files/Pods-FourAce Test/Pods-FourAce Test-resources.sh\"\n";
			showEnvVarsInLog = 0;
		};
		81148666B796A2E7C379C5E3 /* [CP] Embed Pods Frameworks */ = {
			isa = PBXShellScriptBuildPhase;
			buildActionMask = 2147483647;
			files = (
			);
			inputPaths = (
			);
			name = "[CP] Embed Pods Frameworks";
			outputPaths = (
			);
			runOnlyForDeploymentPostprocessing = 0;
			shellPath = /bin/sh;
			shellScript = "\"${SRCROOT}/Pods/Target Support Files/Pods-FourAce Prod/Pods-FourAce Prod-frameworks.sh\"\n";
			showEnvVarsInLog = 0;
		};
		EE1EB30956882A7CCB58B8FB /* [CP] Embed Pods Frameworks */ = {
			isa = PBXShellScriptBuildPhase;
			buildActionMask = 2147483647;
			files = (
			);
			inputPaths = (
			);
			name = "[CP] Embed Pods Frameworks";
			outputPaths = (
			);
			runOnlyForDeploymentPostprocessing = 0;
			shellPath = /bin/sh;
			shellScript = "\"${SRCROOT}/Pods/Target Support Files/Pods-FourAce Test/Pods-FourAce Test-frameworks.sh\"\n";
			showEnvVarsInLog = 0;
		};
/* End PBXShellScriptBuildPhase section */

/* Begin PBXSourcesBuildPhase section */
		073DFBA6198949B700AA02BF /* Sources */ = {
			isa = PBXSourcesBuildPhase;
			buildActionMask = 2147483647;
			files = (
				07CB7BCD1989598500056F09 /* Deck.swift in Sources */,
				0737B1D81B52816A00C5B6E9 /* CardNode.swift in Sources */,
				071E9B5E1B71489200F0A123 /* ButtonNode.swift in Sources */,
				07CB7BC7198951DF00056F09 /* FourAceGame.swift in Sources */,
				073DFBB4198949B700AA02BF /* GameScene.swift in Sources */,
				582E150A1FC0ADDB00E2A72A /* PageViewController.swift in Sources */,
				073DFBB6198949B700AA02BF /* GameViewController.swift in Sources */,
				07CB7BCB1989524900056F09 /* Util.swift in Sources */,
				073DFBB0198949B700AA02BF /* AppDelegate.swift in Sources */,
				58B5CB3B1FC1B1460022C8F8 /* BWWalkthroughPageViewController.swift in Sources */,
				071E9B621B7685F100F0A123 /* AlertView.swift in Sources */,
				5895A26A1FDDBBB200DBF889 /* WalkthroughPageViewController.swift in Sources */,
				07CB7BC51989514B00056F09 /* Card.swift in Sources */,
				58B5CB3C1FC1B1460022C8F8 /* BWWalkthroughViewController.swift in Sources */,
				0737B1DC1B5594C600C5B6E9 /* DeckNode.swift in Sources */,
				076451711B8A38DA0058136D /* Constants.swift in Sources */,
				58B5CB401FC74ABC0022C8F8 /* WalkthroughViewController.swift in Sources */,
				0737B1DA1B52867000C5B6E9 /* CardStack.swift in Sources */,
			);
			runOnlyForDeploymentPostprocessing = 0;
		};
		073DFBBC198949B800AA02BF /* Sources */ = {
			isa = PBXSourcesBuildPhase;
			buildActionMask = 2147483647;
			files = (
				073DFBC7198949B800AA02BF /* FourAceTests.swift in Sources */,
			);
			runOnlyForDeploymentPostprocessing = 0;
		};
		58F9A19F1FEEDCD500531D25 /* Sources */ = {
			isa = PBXSourcesBuildPhase;
			buildActionMask = 2147483647;
			files = (
				58F9A1A01FEEDCD500531D25 /* Deck.swift in Sources */,
				58F9A1A11FEEDCD500531D25 /* CardNode.swift in Sources */,
				58F9A1A21FEEDCD500531D25 /* ButtonNode.swift in Sources */,
				58F9A1A31FEEDCD500531D25 /* FourAceGame.swift in Sources */,
				58F9A1A41FEEDCD500531D25 /* GameScene.swift in Sources */,
				58F9A1A51FEEDCD500531D25 /* PageViewController.swift in Sources */,
				58F9A1A61FEEDCD500531D25 /* GameViewController.swift in Sources */,
				58F9A1A71FEEDCD500531D25 /* Util.swift in Sources */,
				58F9A1A81FEEDCD500531D25 /* AppDelegate.swift in Sources */,
				58F9A1A91FEEDCD500531D25 /* BWWalkthroughPageViewController.swift in Sources */,
				58F9A1AA1FEEDCD500531D25 /* AlertView.swift in Sources */,
				58F9A1AB1FEEDCD500531D25 /* WalkthroughPageViewController.swift in Sources */,
				58F9A1AC1FEEDCD500531D25 /* Card.swift in Sources */,
				58F9A1AD1FEEDCD500531D25 /* BWWalkthroughViewController.swift in Sources */,
				58F9A1AE1FEEDCD500531D25 /* DeckNode.swift in Sources */,
				58F9A1AF1FEEDCD500531D25 /* Constants.swift in Sources */,
				58F9A1B01FEEDCD500531D25 /* WalkthroughViewController.swift in Sources */,
				58F9A1B11FEEDCD500531D25 /* CardStack.swift in Sources */,
			);
			runOnlyForDeploymentPostprocessing = 0;
		};
		58F9A1BE1FEEDE1900531D25 /* Sources */ = {
			isa = PBXSourcesBuildPhase;
			buildActionMask = 2147483647;
			files = (
				58F9A1BF1FEEDE1900531D25 /* Deck.swift in Sources */,
				58F9A1C01FEEDE1900531D25 /* CardNode.swift in Sources */,
				58F9A1C11FEEDE1900531D25 /* ButtonNode.swift in Sources */,
				58F9A1C21FEEDE1900531D25 /* FourAceGame.swift in Sources */,
				58F9A1C31FEEDE1900531D25 /* GameScene.swift in Sources */,
				58F9A1C41FEEDE1900531D25 /* PageViewController.swift in Sources */,
				58F9A1C51FEEDE1900531D25 /* GameViewController.swift in Sources */,
				58F9A1C61FEEDE1900531D25 /* Util.swift in Sources */,
				58F9A1C71FEEDE1900531D25 /* AppDelegate.swift in Sources */,
				58F9A1C81FEEDE1900531D25 /* BWWalkthroughPageViewController.swift in Sources */,
				58F9A1C91FEEDE1900531D25 /* AlertView.swift in Sources */,
				58F9A1CA1FEEDE1900531D25 /* WalkthroughPageViewController.swift in Sources */,
				58F9A1CB1FEEDE1900531D25 /* Card.swift in Sources */,
				58F9A1CC1FEEDE1900531D25 /* BWWalkthroughViewController.swift in Sources */,
				58F9A1CD1FEEDE1900531D25 /* DeckNode.swift in Sources */,
				58F9A1CE1FEEDE1900531D25 /* Constants.swift in Sources */,
				58F9A1CF1FEEDE1900531D25 /* WalkthroughViewController.swift in Sources */,
				58F9A1D01FEEDE1900531D25 /* CardStack.swift in Sources */,
			);
			runOnlyForDeploymentPostprocessing = 0;
		};
/* End PBXSourcesBuildPhase section */

/* Begin PBXTargetDependency section */
		073DFBC2198949B800AA02BF /* PBXTargetDependency */ = {
			isa = PBXTargetDependency;
			target = 073DFBA9198949B700AA02BF /* FourAce */;
			targetProxy = 073DFBC1198949B800AA02BF /* PBXContainerItemProxy */;
		};
/* End PBXTargetDependency section */

/* Begin PBXVariantGroup section */
		073DFBB7198949B700AA02BF /* Main.storyboard */ = {
			isa = PBXVariantGroup;
			children = (
				073DFBB8198949B700AA02BF /* Base */,
			);
			name = Main.storyboard;
			sourceTree = "<group>";
		};
		076451761B8A3D9E0058136D /* Localizable.strings */ = {
			isa = PBXVariantGroup;
			children = (
				076451771B8A3D9E0058136D /* tr */,
				076451781B8A3D9E0058136D /* en */,
				58FD800D1DE1A58700A4ED0B /* zh-Hans */,
			);
			name = Localizable.strings;
			sourceTree = "<group>";
		};
/* End PBXVariantGroup section */

/* Begin XCBuildConfiguration section */
		073DFBC8198949B800AA02BF /* Debug */ = {
			isa = XCBuildConfiguration;
			buildSettings = {
				ALWAYS_SEARCH_USER_PATHS = NO;
				CLANG_ANALYZER_LOCALIZABILITY_NONLOCALIZED = YES;
				CLANG_CXX_LANGUAGE_STANDARD = "gnu++0x";
				CLANG_CXX_LIBRARY = "libc++";
				CLANG_ENABLE_MODULES = YES;
				CLANG_ENABLE_OBJC_ARC = YES;
				CLANG_WARN_BOOL_CONVERSION = YES;
				CLANG_WARN_CONSTANT_CONVERSION = YES;
				CLANG_WARN_DIRECT_OBJC_ISA_USAGE = YES_ERROR;
				CLANG_WARN_EMPTY_BODY = YES;
				CLANG_WARN_ENUM_CONVERSION = YES;
				CLANG_WARN_INFINITE_RECURSION = YES;
				CLANG_WARN_INT_CONVERSION = YES;
				CLANG_WARN_OBJC_ROOT_CLASS = YES_ERROR;
				CLANG_WARN_SUSPICIOUS_MOVE = YES;
				CLANG_WARN_UNREACHABLE_CODE = YES;
				CLANG_WARN__DUPLICATE_METHOD_MATCH = YES;
				"CODE_SIGN_IDENTITY[sdk=iphoneos*]" = "iPhone Developer";
				COPY_PHASE_STRIP = NO;
				ENABLE_STRICT_OBJC_MSGSEND = YES;
				ENABLE_TESTABILITY = YES;
				GCC_C_LANGUAGE_STANDARD = gnu99;
				GCC_DYNAMIC_NO_PIC = NO;
				GCC_NO_COMMON_BLOCKS = YES;
				GCC_OPTIMIZATION_LEVEL = 0;
				GCC_PREPROCESSOR_DEFINITIONS = (
					"DEBUG=1",
					"$(inherited)",
				);
				GCC_SYMBOLS_PRIVATE_EXTERN = NO;
				GCC_WARN_64_TO_32_BIT_CONVERSION = YES;
				GCC_WARN_ABOUT_RETURN_TYPE = YES_ERROR;
				GCC_WARN_UNDECLARED_SELECTOR = YES;
				GCC_WARN_UNINITIALIZED_AUTOS = YES_AGGRESSIVE;
				GCC_WARN_UNUSED_FUNCTION = YES;
				GCC_WARN_UNUSED_VARIABLE = YES;
				IPHONEOS_DEPLOYMENT_TARGET = 10.0;
				MTL_ENABLE_DEBUG_INFO = YES;
				ONLY_ACTIVE_ARCH = YES;
				SDKROOT = iphoneos;
				SWIFT_OPTIMIZATION_LEVEL = "-Onone";
			};
			name = Debug;
		};
		073DFBC9198949B800AA02BF /* Release */ = {
			isa = XCBuildConfiguration;
			buildSettings = {
				ALWAYS_SEARCH_USER_PATHS = NO;
				CLANG_ANALYZER_LOCALIZABILITY_NONLOCALIZED = YES;
				CLANG_CXX_LANGUAGE_STANDARD = "gnu++0x";
				CLANG_CXX_LIBRARY = "libc++";
				CLANG_ENABLE_MODULES = YES;
				CLANG_ENABLE_OBJC_ARC = YES;
				CLANG_WARN_BOOL_CONVERSION = YES;
				CLANG_WARN_CONSTANT_CONVERSION = YES;
				CLANG_WARN_DIRECT_OBJC_ISA_USAGE = YES_ERROR;
				CLANG_WARN_EMPTY_BODY = YES;
				CLANG_WARN_ENUM_CONVERSION = YES;
				CLANG_WARN_INFINITE_RECURSION = YES;
				CLANG_WARN_INT_CONVERSION = YES;
				CLANG_WARN_OBJC_ROOT_CLASS = YES_ERROR;
				CLANG_WARN_SUSPICIOUS_MOVE = YES;
				CLANG_WARN_UNREACHABLE_CODE = YES;
				CLANG_WARN__DUPLICATE_METHOD_MATCH = YES;
				"CODE_SIGN_IDENTITY[sdk=iphoneos*]" = "iPhone Developer";
				COPY_PHASE_STRIP = YES;
				ENABLE_NS_ASSERTIONS = NO;
				ENABLE_STRICT_OBJC_MSGSEND = YES;
				GCC_C_LANGUAGE_STANDARD = gnu99;
				GCC_NO_COMMON_BLOCKS = YES;
				GCC_WARN_64_TO_32_BIT_CONVERSION = YES;
				GCC_WARN_ABOUT_RETURN_TYPE = YES_ERROR;
				GCC_WARN_UNDECLARED_SELECTOR = YES;
				GCC_WARN_UNINITIALIZED_AUTOS = YES_AGGRESSIVE;
				GCC_WARN_UNUSED_FUNCTION = YES;
				GCC_WARN_UNUSED_VARIABLE = YES;
				IPHONEOS_DEPLOYMENT_TARGET = 10.0;
				MTL_ENABLE_DEBUG_INFO = NO;
				SDKROOT = iphoneos;
				SWIFT_OPTIMIZATION_LEVEL = "-Owholemodule";
				VALIDATE_PRODUCT = YES;
			};
			name = Release;
		};
		073DFBCB198949B800AA02BF /* Debug */ = {
			isa = XCBuildConfiguration;
			baseConfigurationReference = A930A52BBAC050432DB9866C /* Pods-FourAce.debug.xcconfig */;
			buildSettings = {
				ASSETCATALOG_COMPILER_APPICON_NAME = AppIcon;
				ASSETCATALOG_COMPILER_LAUNCHIMAGE_NAME = LaunchImage;
				CLANG_ENABLE_MODULES = YES;
				CODE_SIGN_IDENTITY = "iPhone Developer";
				"CODE_SIGN_IDENTITY[sdk=iphoneos*]" = "iPhone Developer";
				CODE_SIGN_STYLE = Manual;
				DEVELOPMENT_TEAM = 2H7MWN5M5C;
				INFOPLIST_FILE = FourAce/Info.plist;
				IPHONEOS_DEPLOYMENT_TARGET = 10.0;
				LD_RUNPATH_SEARCH_PATHS = "$(inherited) @executable_path/Frameworks";
				PRODUCT_BUNDLE_IDENTIFIER = com.basarcetinkaya.fourace;
				PRODUCT_NAME = FourAce;
				PROVISIONING_PROFILE = "257a0e42-c947-4c66-a45c-31ebabe0267d";
				PROVISIONING_PROFILE_SPECIFIER = "Four Ace Dev Cert";
				SWIFT_OBJC_BRIDGING_HEADER = "FourAce-Bridging-Header.h";
				SWIFT_OPTIMIZATION_LEVEL = "-Onone";
				SWIFT_VERSION = 3.0;
			};
			name = Debug;
		};
		073DFBCC198949B800AA02BF /* Release */ = {
			isa = XCBuildConfiguration;
			baseConfigurationReference = C416B7EE2EB1C466A9770594 /* Pods-FourAce.release.xcconfig */;
			buildSettings = {
				ASSETCATALOG_COMPILER_APPICON_NAME = AppIcon;
				ASSETCATALOG_COMPILER_LAUNCHIMAGE_NAME = LaunchImage;
				CLANG_ENABLE_MODULES = YES;
				CODE_SIGN_IDENTITY = "iPhone Developer";
				"CODE_SIGN_IDENTITY[sdk=iphoneos*]" = "iPhone Distribution";
				CODE_SIGN_STYLE = Manual;
				DEVELOPMENT_TEAM = 2H7MWN5M5C;
				INFOPLIST_FILE = FourAce/Info.plist;
				IPHONEOS_DEPLOYMENT_TARGET = 10.0;
				LD_RUNPATH_SEARCH_PATHS = "$(inherited) @executable_path/Frameworks";
				PRODUCT_BUNDLE_IDENTIFIER = com.basarcetinkaya.fourace;
				PRODUCT_NAME = FourAce;
				PROVISIONING_PROFILE = "8bb838f6-e0dd-4b48-8492-f2b0c689ab05";
				PROVISIONING_PROFILE_SPECIFIER = "Four Ace Distribution";
				SWIFT_OBJC_BRIDGING_HEADER = "FourAce-Bridging-Header.h";
				SWIFT_VERSION = 3.0;
			};
			name = Release;
		};
		073DFBCE198949B800AA02BF /* Debug */ = {
			isa = XCBuildConfiguration;
			buildSettings = {
				BUNDLE_LOADER = "$(BUILT_PRODUCTS_DIR)/FourAce.app/FourAce";
				CLANG_ENABLE_MODULES = YES;
				FRAMEWORK_SEARCH_PATHS = "";
				GCC_PREPROCESSOR_DEFINITIONS = (
					"DEBUG=1",
					"$(inherited)",
				);
				INFOPLIST_FILE = FourAceTests/Info.plist;
				LD_RUNPATH_SEARCH_PATHS = "$(inherited) @executable_path/Frameworks @loader_path/Frameworks";
				PRODUCT_BUNDLE_IDENTIFIER = "com.basarc.${PRODUCT_NAME:rfc1034identifier}";
				PRODUCT_NAME = FourAceTests;
				SWIFT_OBJC_BRIDGING_HEADER = "FourAceTests-Bridging-Header.h";
				SWIFT_OPTIMIZATION_LEVEL = "-Onone";
				SWIFT_VERSION = 3.0;
				TEST_HOST = "$(BUNDLE_LOADER)";
			};
			name = Debug;
		};
		073DFBCF198949B800AA02BF /* Release */ = {
			isa = XCBuildConfiguration;
			buildSettings = {
				BUNDLE_LOADER = "$(BUILT_PRODUCTS_DIR)/FourAce.app/FourAce";
				CLANG_ENABLE_MODULES = YES;
				FRAMEWORK_SEARCH_PATHS = "";
				INFOPLIST_FILE = FourAceTests/Info.plist;
				LD_RUNPATH_SEARCH_PATHS = "$(inherited) @executable_path/Frameworks @loader_path/Frameworks";
				PRODUCT_BUNDLE_IDENTIFIER = "com.basarc.${PRODUCT_NAME:rfc1034identifier}";
				PRODUCT_NAME = FourAceTests;
				SWIFT_OBJC_BRIDGING_HEADER = "FourAceTests-Bridging-Header.h";
				SWIFT_VERSION = 3.0;
				TEST_HOST = "$(BUNDLE_LOADER)";
			};
			name = Release;
		};
		58F9A1B91FEEDCD500531D25 /* Debug */ = {
			isa = XCBuildConfiguration;
			baseConfigurationReference = F5F2351DD8EFE51DAE86E980 /* Pods-FourAce Test.debug.xcconfig */;
			buildSettings = {
				ASSETCATALOG_COMPILER_APPICON_NAME = AppIcon;
				ASSETCATALOG_COMPILER_LAUNCHIMAGE_NAME = LaunchImage;
				CLANG_ENABLE_MODULES = YES;
				CODE_SIGN_IDENTITY = "iPhone Developer";
				"CODE_SIGN_IDENTITY[sdk=iphoneos*]" = "iPhone Developer";
				CODE_SIGN_STYLE = Manual;
				DEVELOPMENT_TEAM = 2H7MWN5M5C;
				INFOPLIST_FILE = "FourAceTest-Info.plist";
				IPHONEOS_DEPLOYMENT_TARGET = 10.0;
				LD_RUNPATH_SEARCH_PATHS = "$(inherited) @executable_path/Frameworks";
				PRODUCT_BUNDLE_IDENTIFIER = com.basarcetinkaya.fourace;
				PRODUCT_NAME = "$(TARGET_NAME)";
				PROVISIONING_PROFILE = "257a0e42-c947-4c66-a45c-31ebabe0267d";
				PROVISIONING_PROFILE_SPECIFIER = "Four Ace Dev Cert";
				SWIFT_OBJC_BRIDGING_HEADER = "FourAce-Bridging-Header.h";
				SWIFT_OPTIMIZATION_LEVEL = "-Onone";
				SWIFT_VERSION = 3.0;
			};
			name = Debug;
		};
		58F9A1BA1FEEDCD500531D25 /* Release */ = {
			isa = XCBuildConfiguration;
			baseConfigurationReference = D9862EA9B342132F3E6A1B0A /* Pods-FourAce Test.release.xcconfig */;
			buildSettings = {
				ASSETCATALOG_COMPILER_APPICON_NAME = AppIcon;
				ASSETCATALOG_COMPILER_LAUNCHIMAGE_NAME = LaunchImage;
				CLANG_ENABLE_MODULES = YES;
				CODE_SIGN_IDENTITY = "iPhone Developer";
				"CODE_SIGN_IDENTITY[sdk=iphoneos*]" = "iPhone Distribution";
				CODE_SIGN_STYLE = Manual;
				DEVELOPMENT_TEAM = 2H7MWN5M5C;
				INFOPLIST_FILE = "FourAceTest-Info.plist";
				IPHONEOS_DEPLOYMENT_TARGET = 10.0;
				LD_RUNPATH_SEARCH_PATHS = "$(inherited) @executable_path/Frameworks";
				PRODUCT_BUNDLE_IDENTIFIER = com.basarcetinkaya.fourace;
				PRODUCT_NAME = "$(TARGET_NAME)";
				PROVISIONING_PROFILE = "8bb838f6-e0dd-4b48-8492-f2b0c689ab05";
				PROVISIONING_PROFILE_SPECIFIER = "Four Ace Distribution";
				SWIFT_OBJC_BRIDGING_HEADER = "FourAce-Bridging-Header.h";
				SWIFT_VERSION = 3.0;
			};
			name = Release;
		};
		58F9A1D71FEEDE1900531D25 /* Debug */ = {
			isa = XCBuildConfiguration;
			baseConfigurationReference = 20896A5BD01643B8E7D2C363 /* Pods-FourAce Prod.debug.xcconfig */;
			buildSettings = {
				ASSETCATALOG_COMPILER_APPICON_NAME = AppIcon;
				ASSETCATALOG_COMPILER_LAUNCHIMAGE_NAME = LaunchImage;
				CLANG_ENABLE_MODULES = YES;
				CODE_SIGN_IDENTITY = "iPhone Developer";
				"CODE_SIGN_IDENTITY[sdk=iphoneos*]" = "iPhone Developer";
				CODE_SIGN_STYLE = Manual;
				DEVELOPMENT_TEAM = 2H7MWN5M5C;
				INFOPLIST_FILE = "FourAceProd-Info.plist";
				IPHONEOS_DEPLOYMENT_TARGET = 10.0;
				LD_RUNPATH_SEARCH_PATHS = "$(inherited) @executable_path/Frameworks";
				PRODUCT_BUNDLE_IDENTIFIER = com.basarcetinkaya.fourace;
				PRODUCT_NAME = "$(TARGET_NAME)";
				PROVISIONING_PROFILE = "257a0e42-c947-4c66-a45c-31ebabe0267d";
				PROVISIONING_PROFILE_SPECIFIER = "Four Ace Dev Cert";
				SWIFT_OBJC_BRIDGING_HEADER = "FourAce-Bridging-Header.h";
				SWIFT_OPTIMIZATION_LEVEL = "-Onone";
				SWIFT_VERSION = 3.0;
			};
			name = Debug;
		};
		58F9A1D81FEEDE1900531D25 /* Release */ = {
			isa = XCBuildConfiguration;
			baseConfigurationReference = FF27742D46D321A8A45801BB /* Pods-FourAce Prod.release.xcconfig */;
			buildSettings = {
				ASSETCATALOG_COMPILER_APPICON_NAME = AppIcon;
				ASSETCATALOG_COMPILER_LAUNCHIMAGE_NAME = LaunchImage;
				CLANG_ENABLE_MODULES = YES;
				CODE_SIGN_IDENTITY = "iPhone Developer";
				"CODE_SIGN_IDENTITY[sdk=iphoneos*]" = "iPhone Distribution";
				CODE_SIGN_STYLE = Manual;
				DEVELOPMENT_TEAM = 2H7MWN5M5C;
				INFOPLIST_FILE = "FourAceProd-Info.plist";
				IPHONEOS_DEPLOYMENT_TARGET = 10.0;
				LD_RUNPATH_SEARCH_PATHS = "$(inherited) @executable_path/Frameworks";
				PRODUCT_BUNDLE_IDENTIFIER = com.basarcetinkaya.fourace;
				PRODUCT_NAME = "$(TARGET_NAME)";
				PROVISIONING_PROFILE = "8bb838f6-e0dd-4b48-8492-f2b0c689ab05";
				PROVISIONING_PROFILE_SPECIFIER = "Four Ace Distribution";
				SWIFT_OBJC_BRIDGING_HEADER = "FourAce-Bridging-Header.h";
				SWIFT_VERSION = 3.0;
			};
			name = Release;
		};
/* End XCBuildConfiguration section */

/* Begin XCConfigurationList section */
		073DFBA5198949B700AA02BF /* Build configuration list for PBXProject "FourAce" */ = {
			isa = XCConfigurationList;
			buildConfigurations = (
				073DFBC8198949B800AA02BF /* Debug */,
				073DFBC9198949B800AA02BF /* Release */,
			);
			defaultConfigurationIsVisible = 0;
			defaultConfigurationName = Release;
		};
		073DFBCA198949B800AA02BF /* Build configuration list for PBXNativeTarget "FourAce" */ = {
			isa = XCConfigurationList;
			buildConfigurations = (
				073DFBCB198949B800AA02BF /* Debug */,
				073DFBCC198949B800AA02BF /* Release */,
			);
			defaultConfigurationIsVisible = 0;
			defaultConfigurationName = Release;
		};
		073DFBCD198949B800AA02BF /* Build configuration list for PBXNativeTarget "FourAceTests" */ = {
			isa = XCConfigurationList;
			buildConfigurations = (
				073DFBCE198949B800AA02BF /* Debug */,
				073DFBCF198949B800AA02BF /* Release */,
			);
			defaultConfigurationIsVisible = 0;
			defaultConfigurationName = Release;
		};
		58F9A1B81FEEDCD500531D25 /* Build configuration list for PBXNativeTarget "FourAce Test" */ = {
			isa = XCConfigurationList;
			buildConfigurations = (
				58F9A1B91FEEDCD500531D25 /* Debug */,
				58F9A1BA1FEEDCD500531D25 /* Release */,
			);
			defaultConfigurationIsVisible = 0;
			defaultConfigurationName = Release;
		};
		58F9A1D61FEEDE1900531D25 /* Build configuration list for PBXNativeTarget "FourAce Prod" */ = {
			isa = XCConfigurationList;
			buildConfigurations = (
				58F9A1D71FEEDE1900531D25 /* Debug */,
				58F9A1D81FEEDE1900531D25 /* Release */,
			);
			defaultConfigurationIsVisible = 0;
			defaultConfigurationName = Release;
		};
/* End XCConfigurationList section */
	};
	rootObject = 073DFBA2198949B700AA02BF /* Project object */;
}
